# This file was autogenerated by Stack.
# You should not edit this file by hand.
# For more information, please see the documentation at:
#   https://docs.haskellstack.org/en/stable/lock_files

packages:
- completed:
    hackage: gloss-1.13.2.2@sha256:31467330073c706f28a640b1c891f527b11b5489f2566930a05f29fb872fd0ef,4099
    pantry-tree:
      sha256: b0271ac1e9b76774055098136432ac2cef706e12a55bfceaa682f361d102f236
      size: 3807
  original:
    hackage: gloss-1.13.2.2@sha256:31467330073c706f28a640b1c891f527b11b5489f2566930a05f29fb872fd0ef,4099
- completed:
    hackage: GLUT-2.7.0.16@sha256:ad8cbb5a08d2e3c5c8b9e8c22dc9f7917571342c7b1cc3ef0ce1bbbe91035202,25006
    pantry-tree:
      sha256: 151a8b8ad936efb772663ebbfe926feba60b1833acddba39b1d7f27d44f32d18
      size: 9538
  original:
    hackage: GLUT-2.7.0.16@sha256:ad8cbb5a08d2e3c5c8b9e8c22dc9f7917571342c7b1cc3ef0ce1bbbe91035202,25006
- completed:
    hackage: OpenGL-3.0.3.0@sha256:bcd8a08d9e2679b28faffffa71e3c7cc101bb72d7518ead85155dd3a194a2988,7875
    pantry-tree:
      sha256: 7c0e2739e9c16b1658e5f2a9a2848b36c92fd854a138cbfa53a4473c23a739eb
      size: 11166
  original:
    hackage: OpenGL-3.0.3.0@sha256:bcd8a08d9e2679b28faffffa71e3c7cc101bb72d7518ead85155dd3a194a2988,7875
- completed:
    hackage: bmp-1.2.6.4@sha256:454afd2876cbd54582207d8efbeae6b02af33eaf9ee80ec1f724695fc73985e9,1377
    pantry-tree:
      sha256: 9eae83f5dad5faef8cc4769f62cd308bc12a7c29ab0eac09226bfee11eded2e6
      size: 882
  original:
    hackage: bmp-1.2.6.4@sha256:454afd2876cbd54582207d8efbeae6b02af33eaf9ee80ec1f724695fc73985e9,1377
- completed:
    hackage: gloss-rendering-1.13.1.2@sha256:2047344b061332101a4c38a1902a4a10b7f11998d3842cfc367b6b5563c3f580,1602
    pantry-tree:
      sha256: d889bd8d7f44f40cccf3f22ec3ab6f08f47613436a885a72c297a06970309703
      size: 895
  original:
    hackage: gloss-rendering-1.13.1.2@sha256:2047344b061332101a4c38a1902a4a10b7f11998d3842cfc367b6b5563c3f580,1602
- completed:
    hackage: GLURaw-2.0.0.5@sha256:eaa04b8afa8159d50558a30074c1ee8ae8fce96b0261a886e170025453157bae,2408
    pantry-tree:
      sha256: b30da946e93c73ffeb067f7c2d2b2ece9abd2222aae6375949b73bae03b64661
      size: 712
  original:
    hackage: GLURaw-2.0.0.5@sha256:eaa04b8afa8159d50558a30074c1ee8ae8fce96b0261a886e170025453157bae,2408
- completed:
    hackage: ObjectName-1.1.0.2@sha256:ede9e59944db8e67ea0301b41b60b410cb83bc57eddaf13b13f00c386c7cb94f,1247
    pantry-tree:
      sha256: a61e517ec2149e99595f478e9b95ae2e10dbd15aa9c81efeca8c149fc087e378
      size: 265
  original:
    hackage: ObjectName-1.1.0.2@sha256:ede9e59944db8e67ea0301b41b60b410cb83bc57eddaf13b13f00c386c7cb94f,1247
- completed:
    hackage: OpenGLRaw-3.3.4.1@sha256:01b745fbd269fc96d982c3c915c5559793457ff02f9f6cce3ee259aed97378f1,26636
    pantry-tree:
      sha256: c52f3a35c498afac5edfa5f68d3817c54e246eacd7ca7a0a1a0b49e5262049a8
      size: 48782
  original:
    hackage: OpenGLRaw-3.3.4.1@sha256:01b745fbd269fc96d982c3c915c5559793457ff02f9f6cce3ee259aed97378f1,26636
- completed:
    hackage: StateVar-1.2.2@sha256:3c022c00485fe165e3080d5da6b3ca9c9b02f62c5deebc584d1b3d1309ce673e,1673
    pantry-tree:
      sha256: 204cac98219e99334f47b12c565945611748ea03a4d629273dd697d738bcfd7f
      size: 314
  original:
    hackage: StateVar-1.2.2@sha256:3c022c00485fe165e3080d5da6b3ca9c9b02f62c5deebc584d1b3d1309ce673e,1673
- completed:
    hackage: fixed-0.3@sha256:f76bb14011911bdd9d71ecc16ffc8000821adfefdd48b38f952b2484900f37f6,868
    pantry-tree:
      sha256: 6ab63adf4af4b898400af30d98bc31669c8509c20067ccd04831264991bc78b2
      size: 426
  original:
    hackage: fixed-0.3@sha256:f76bb14011911bdd9d71ecc16ffc8000821adfefdd48b38f952b2484900f37f6,868
- completed:
    hackage: half-0.3.2@sha256:dc49517b0f8c2523218c55190909e6a2ca0185563976a8000632ea45609e08c4,1905
    pantry-tree:
      sha256: ed62ac409cf06c54d34624b326fadd6ea32dae0a90c307124edd03d664d628ed
      size: 501
  original:
    hackage: half-0.3.2@sha256:dc49517b0f8c2523218c55190909e6a2ca0185563976a8000632ea45609e08c4,1905
- completed:
    hackage: free-5.2@sha256:12963e83d8d19585963fb5a60a020bee39e52c74eb185be7c4113bf788e91ed9,4176
    pantry-tree:
      sha256: f78e2c902ff9263e5e82692951982cd5ed7bdf90e2101c847d1f984ce5f377cc
      size: 3130
  original:
    hackage: free-5.2
- completed:
    hackage: comonad-5.0.9@sha256:f7bf55e62c24e9a9f523dc63e8b644a0eb5e1f6179366b16177ef68a5d4cdb15,3450
    pantry-tree:
      sha256: eaf8de5a692d369f30298345432f11280e5caac480aa5d512773687893b04444
      size: 1616
  original:
    hackage: comonad-5.0.9@sha256:f7bf55e62c24e9a9f523dc63e8b644a0eb5e1f6179366b16177ef68a5d4cdb15,3450
- completed:
    hackage: distributive-0.6.2.1@sha256:0f99f5541cca04acf89b64432b03422b6408e830a8dff30e6c4334ef1a48680c,2996
    pantry-tree:
      sha256: a42bed5fe0ba295643538312dee6c9436314c05a6f7efdd32b4303979f8bd744
      size: 735
  original:
    hackage: distributive-0.6.2.1@sha256:0f99f5541cca04acf89b64432b03422b6408e830a8dff30e6c4334ef1a48680c,2996
- completed:
    hackage: profunctors-5.6.2@sha256:e178ba4468982326656626e2089e296f64485e68fdddc9f4476dcd5d612b4f78,2484
    pantry-tree:
      sha256: 477b4e6a997aa6d470a4355814c3c654641824dad07058ea77b20c2e9a7d7699
      size: 1588
  original:
    hackage: profunctors-5.6.2@sha256:e178ba4468982326656626e2089e296f64485e68fdddc9f4476dcd5d612b4f78,2484
- completed:
    hackage: transformers-base-0.4.6@sha256:6f18f320e371c8954c4b6b211e2fdd5d15a6d6310bd605b9d640f47ede408961,1643
    pantry-tree:
      sha256: 6c2d24a9678865e2a5f4b6286cb17228673a6987fb546bf07b89ffbd19716ad2
      size: 275
  original:
    hackage: transformers-base-0.4.6@sha256:6f18f320e371c8954c4b6b211e2fdd5d15a6d6310bd605b9d640f47ede408961,1643
- completed:
    hackage: base-orphans-0.9.3@sha256:c95cd3490ef99998a496de26afe8879a1d7780fa181a4479a956c690d74f75f1,3161
    pantry-tree:
      sha256: edea653b8c0beed2e75e504ead7986547b432c2a331f0b3220ede9bce52b5f84
      size: 1273
  original:
    hackage: base-orphans-0.9.3@sha256:c95cd3490ef99998a496de26afe8879a1d7780fa181a4479a956c690d74f75f1,3161
- completed:
    hackage: contravariant-1.5.5@sha256:470ed0e040e879e2da4af1b2c8f94e199f6135852a8107858d5ae0a95365835f,3041
    pantry-tree:
      sha256: 9eb62fea28548dc8a0f60fd47c12843092b78b24ed771b8ad63a0bb34dba8bc4
      size: 652
  original:
    hackage: contravariant-1.5.5@sha256:470ed0e040e879e2da4af1b2c8f94e199f6135852a8107858d5ae0a95365835f,3041
- completed:
    hackage: hashable-1.4.7.0@sha256:573f3ab242f75465a0d67ce9d84202650a1606575e6dbd6d31ffcf4767a9a379,6629
    pantry-tree:
      sha256: 9ec168505c52fa389b7447a1251b302e32537adeecac88c2aa72beed53beb3bd
      size: 1578
  original:
    hackage: hashable-1.4.7.0@sha256:573f3ab242f75465a0d67ce9d84202650a1606575e6dbd6d31ffcf4767a9a379,6629
- completed:
    hackage: indexed-traversable-0.1.4@sha256:42d9e84a65a0c17c248233cab98ada872ff6140dfa24d109d6eb285204d07e7d,2098
    pantry-tree:
      sha256: d3e9e60aede3658838fa552646552212f01a3cba19bd50397c86795a28d67b27
      size: 625
  original:
    hackage: indexed-traversable-0.1.4@sha256:42d9e84a65a0c17c248233cab98ada872ff6140dfa24d109d6eb285204d07e7d,2098
- completed:
    hackage: tagged-0.8.9@sha256:6aad7d2fd594bd51834450d97850b9959305951993ea739fa2bbc18b55d8767d,2123
    pantry-tree:
      sha256: 24b98df98d96ed0ac99294d5480c4be73116922729bd8824bee1ded571d508f3
      size: 438
  original:
    hackage: tagged-0.8.9@sha256:6aad7d2fd594bd51834450d97850b9959305951993ea739fa2bbc18b55d8767d,2123
- completed:
    hackage: transformers-compat-0.7.2@sha256:044fb9955f63ee138fcebedfdcbe54afe741f2d5892a2d0bdf3a8052bd342643,5601
    pantry-tree:
      sha256: f49610c6a2faf82111e5d4222576f4afbcfa904bf56665232c5aa077dfc7578f
      size: 1724
  original:
    hackage: transformers-compat-0.7.2@sha256:044fb9955f63ee138fcebedfdcbe54afe741f2d5892a2d0bdf3a8052bd342643,5601
- completed:
    hackage: unordered-containers-0.2.20@sha256:233cbcdda6c2698932bb391ce0935fb44f80c115621ee815a21ed33ac8ede422,3921
    pantry-tree:
      sha256: fa7e8ec1f22c5525f1214df2a1f3ee593a31efd7a06592c4da021606cb21505e
      size: 1647
  original:
    hackage: unordered-containers-0.2.20@sha256:233cbcdda6c2698932bb391ce0935fb44f80c115621ee815a21ed33ac8ede422,3921
- completed:
    hackage: foldable1-classes-compat-0.1.1@sha256:a75aaa3e061f245b5a25a49aa4afd52ee7c4690b7c247dfd53b04b50bd9ea6f9,3096
    pantry-tree:
      sha256: a491a63cab8cfb306f72785645dde506b2b3e57186ef62b822a8f4d55a301b8a
      size: 518
  original:
    hackage: foldable1-classes-compat-0.1.1@sha256:a75aaa3e061f245b5a25a49aa4afd52ee7c4690b7c247dfd53b04b50bd9ea6f9,3096
- completed:
    hackage: os-string-2.0.7@sha256:2efc549644dd418bad537d1601fdd437c440d807265016bd993b6996c679ad2f,3298
    pantry-tree:
      sha256: 761fefba1881461226ef638051793e3517868f2f4eccb104b7c6ca49763a27d4
      size: 2295
  original:
    hackage: os-string-2.0.7@sha256:2efc549644dd418bad537d1601fdd437c440d807265016bd993b6996c679ad2f,3298
- completed:
    hackage: th-abstraction-0.4.5.0@sha256:c28f186ae9817a059e54f63689f8985194b7f58d8fbd79e157d12374b6f9d2c3,2212
    pantry-tree:
      sha256: c14785e0990e7a0ec7fb9ef7fe9c0d00b617ed37753b8f657356a8560bd1d99d
      size: 670
  original:
    hackage: th-abstraction-0.4.5.0@sha256:c28f186ae9817a059e54f63689f8985194b7f58d8fbd79e157d12374b6f9d2c3,2212
- completed:
    hackage: assoc-1.0.2@sha256:9decd0933cb6b903a40a8ace02d634bf90048ee2e5b0a514dccad7056c041881,1253
    pantry-tree:
      sha256: cd5efeece455a83fa37bf909d6b34ebc57c027d5f7b80c7d991bdb465c4894d3
      size: 290
  original:
    hackage: assoc-1.0.2@sha256:9decd0933cb6b903a40a8ace02d634bf90048ee2e5b0a514dccad7056c041881,1253
- completed:
    hackage: bifunctors-5.5.14@sha256:958dfda27c94250e96d2e5cc4d0fc6f3a9002d7a2c8289314a1d7eafee40b50f,3933
    pantry-tree:
      sha256: 75827f8dbfd3641f73bfe6a4581b1aa2ff0a56d80a60814b551ff4bb13418c99
      size: 1758
  original:
    hackage: bifunctors-5.5.14
- completed:
    hackage: semigroupoids-5.3.7@sha256:ac093739682f0dc7a37698b423590dc0f1ca89fed908fbbc5a73a44beefa7d18,7721
    pantry-tree:
      sha256: 210c79c309f5f2837a699c18ffaf795a8c4944c218ca1938475c55a805b3d614
      size: 2404
  original:
    hackage: semigroupoids-5.3.7
- completed:
    hackage: semialign-1.2.0.1@sha256:ee3468e349e72ec0a604ae05573a4de7181d97d10366254244a0cca8a76d6c35,2852
    pantry-tree:
      sha256: 5d5420cd362beee642537472026ba42cf7f9c75e423b9ecc4a1b3482e247375b
      size: 537
  original:
    hackage: semialign-1.2.0.1
snapshots: []
